
Microsoft Visual Studio Solution File, Format Version 12.00
# Visual Studio Version 17
VisualStudioVersion = 17.6.33829.357
MinimumVisualStudioVersion = 10.0.40219.1
Project("{FAE04EC0-301F-11D3-BF4B-00C04F79EFBC}") = "MyFirstWinForms", "MyFirstWinForms\MyFirstWinForms.csproj", "{77928241-100A-462A-8C7C-C34AE6B8DAF7}"
EndProject
Global
	GlobalSection(SolutionConfigurationPlatforms) = preSolution
		Debug|Any CPU = Debug|Any CPU
		Release|Any CPU = Release|Any CPU
	EndGlobalSection
	GlobalSection(ProjectConfigurationPlatforms) = postSolution
		{77928241-100A-462A-8C7C-C34AE6B8DAF7}.Debug|Any CPU.ActiveCfg = Debug|Any CPU
		{77928241-100A-462A-8C7C-C34AE6B8DAF7}.Debug|Any CPU.Build.0 = Debug|Any CPU
		{77928241-100A-462A-8C7C-C34AE6B8DAF7}.Release|Any CPU.ActiveCfg = Release|Any CPU
		{77928241-100A-462A-8C7C-C34AE6B8DAF7}.Release|Any CPU.Build.0 = Release|Any CPU
	EndGlobalSection
	GlobalSection(SolutionProperties) = preSolution
		HideSolutionNode = FALSE
	EndGlobalSection
	GlobalSection(ExtensibilityGlobals) = postSolution
		SolutionGuid = {37FD21FA-4879-43CB-8675-C7DCD7188091}
	EndGlobalSection
EndGlobal
